
Microsoft Visual Studio Solution File, Format Version 12.00
# Visual Studio 14
VisualStudioVersion = 14.0.23107.0
MinimumVisualStudioVersion = 10.0.40219.1
Project("{2150E333-8FDC-42A3-9474-1A3956D46DE8}") = "Libraries", "Libraries", "{1819CD3F-91F8-4766-B0BE-96AE5EA18D3F}"
EndProject
Project("{2150E333-8FDC-42A3-9474-1A3956D46DE8}") = "Plugins", "Plugins", "{136BCFC9-1642-47C1-95F7-60A3BE10CDF0}"
EndProject
Project("{2150E333-8FDC-42A3-9474-1A3956D46DE8}") = "Presentation", "Presentation", "{34B1DDD0-54B2-4F1D-916B-5084646E593C}"
EndProject
Project("{FAE04EC0-301F-11D3-BF4B-00C04F79EFBC}") = "OPM.Web", "OPM.Web\OPM.Web.csproj", "{5F8A328D-18A5-46E2-9668-9F04094B2563}"
EndProject
Project("{FAE04EC0-301F-11D3-BF4B-00C04F79EFBC}") = "OPM.Web.Framework", "OPM.Web.Framework\OPM.Web.Framework.csproj", "{94326079-A676-4B3A-8ACD-D8029EED6827}"
EndProject
Project("{FAE04EC0-301F-11D3-BF4B-00C04F79EFBC}") = "OPM.Admin", "OPM.Admin\OPM.Admin.csproj", "{F266FA28-D78A-4638-B117-14A184BBA439}"
EndProject
Project("{FAE04EC0-301F-11D3-BF4B-00C04F79EFBC}") = "OPM.Core", "OPM.Core\OPM.Core.csproj", "{0F65E9A9-9AF0-43CB-9923-4B44DC6B69AB}"
EndProject
Project("{FAE04EC0-301F-11D3-BF4B-00C04F79EFBC}") = "OPM.Data", "OPM.Data\OPM.Data.csproj", "{2415C0CB-4602-437D-B3EB-6707024CA5A9}"
EndProject
Project("{FAE04EC0-301F-11D3-BF4B-00C04F79EFBC}") = "OPM.Services", "OPM.Services\OPM.Services.csproj", "{86ECF6D2-8235-49CB-B37A-9D5F3ABD3AC3}"
EndProject
Global
	GlobalSection(SolutionConfigurationPlatforms) = preSolution
		Debug|Any CPU = Debug|Any CPU
		Release|Any CPU = Release|Any CPU
	EndGlobalSection
	GlobalSection(ProjectConfigurationPlatforms) = postSolution
		{5F8A328D-18A5-46E2-9668-9F04094B2563}.Debug|Any CPU.ActiveCfg = Debug|Any CPU
		{5F8A328D-18A5-46E2-9668-9F04094B2563}.Debug|Any CPU.Build.0 = Debug|Any CPU
		{5F8A328D-18A5-46E2-9668-9F04094B2563}.Release|Any CPU.ActiveCfg = Release|Any CPU
		{5F8A328D-18A5-46E2-9668-9F04094B2563}.Release|Any CPU.Build.0 = Release|Any CPU
		{94326079-A676-4B3A-8ACD-D8029EED6827}.Debug|Any CPU.ActiveCfg = Debug|Any CPU
		{94326079-A676-4B3A-8ACD-D8029EED6827}.Debug|Any CPU.Build.0 = Debug|Any CPU
		{94326079-A676-4B3A-8ACD-D8029EED6827}.Release|Any CPU.ActiveCfg = Release|Any CPU
		{94326079-A676-4B3A-8ACD-D8029EED6827}.Release|Any CPU.Build.0 = Release|Any CPU
		{F266FA28-D78A-4638-B117-14A184BBA439}.Debug|Any CPU.ActiveCfg = Debug|Any CPU
		{F266FA28-D78A-4638-B117-14A184BBA439}.Debug|Any CPU.Build.0 = Debug|Any CPU
		{F266FA28-D78A-4638-B117-14A184BBA439}.Release|Any CPU.ActiveCfg = Release|Any CPU
		{F266FA28-D78A-4638-B117-14A184BBA439}.Release|Any CPU.Build.0 = Release|Any CPU
		{0F65E9A9-9AF0-43CB-9923-4B44DC6B69AB}.Debug|Any CPU.ActiveCfg = Debug|Any CPU
		{0F65E9A9-9AF0-43CB-9923-4B44DC6B69AB}.Debug|Any CPU.Build.0 = Debug|Any CPU
		{0F65E9A9-9AF0-43CB-9923-4B44DC6B69AB}.Release|Any CPU.ActiveCfg = Release|Any CPU
		{0F65E9A9-9AF0-43CB-9923-4B44DC6B69AB}.Release|Any CPU.Build.0 = Release|Any CPU
		{2415C0CB-4602-437D-B3EB-6707024CA5A9}.Debug|Any CPU.ActiveCfg = Debug|Any CPU
		{2415C0CB-4602-437D-B3EB-6707024CA5A9}.Debug|Any CPU.Build.0 = Debug|Any CPU
		{2415C0CB-4602-437D-B3EB-6707024CA5A9}.Release|Any CPU.ActiveCfg = Release|Any CPU
		{2415C0CB-4602-437D-B3EB-6707024CA5A9}.Release|Any CPU.Build.0 = Release|Any CPU
		{86ECF6D2-8235-49CB-B37A-9D5F3ABD3AC3}.Debug|Any CPU.ActiveCfg = Debug|Any CPU
		{86ECF6D2-8235-49CB-B37A-9D5F3ABD3AC3}.Debug|Any CPU.Build.0 = Debug|Any CPU
		{86ECF6D2-8235-49CB-B37A-9D5F3ABD3AC3}.Release|Any CPU.ActiveCfg = Release|Any CPU
		{86ECF6D2-8235-49CB-B37A-9D5F3ABD3AC3}.Release|Any CPU.Build.0 = Release|Any CPU
	EndGlobalSection
	GlobalSection(SolutionProperties) = preSolution
		HideSolutionNode = FALSE
	EndGlobalSection
	GlobalSection(NestedProjects) = preSolution
		{5F8A328D-18A5-46E2-9668-9F04094B2563} = {34B1DDD0-54B2-4F1D-916B-5084646E593C}
		{94326079-A676-4B3A-8ACD-D8029EED6827} = {34B1DDD0-54B2-4F1D-916B-5084646E593C}
		{F266FA28-D78A-4638-B117-14A184BBA439} = {34B1DDD0-54B2-4F1D-916B-5084646E593C}
		{0F65E9A9-9AF0-43CB-9923-4B44DC6B69AB} = {1819CD3F-91F8-4766-B0BE-96AE5EA18D3F}
		{2415C0CB-4602-437D-B3EB-6707024CA5A9} = {1819CD3F-91F8-4766-B0BE-96AE5EA18D3F}
		{86ECF6D2-8235-49CB-B37A-9D5F3ABD3AC3} = {1819CD3F-91F8-4766-B0BE-96AE5EA18D3F}
	EndGlobalSection
EndGlobal
